// !$*UTF8*$!
{
	archiveVersion = 1;
	classes = {
	};
	objectVersion = 50;
	objects = {

/* Begin PBXBuildFile section */
		9BE8F37E3CED64E53C2E55CF /* Pods_Hitchhkr.framework in Frameworks */ = {isa = PBXBuildFile; fileRef = 02CC326F197A46DAC55C4D99 /* Pods_Hitchhkr.framework */; };
		EB736365210A2E790002AA46 /* GradientView.swift in Sources */ = {isa = PBXBuildFile; fileRef = EB736364210A2E790002AA46 /* GradientView.swift */; };
		EB736367210A309E0002AA46 /* RoundedShadowView.swift in Sources */ = {isa = PBXBuildFile; fileRef = EB736366210A309E0002AA46 /* RoundedShadowView.swift */; };
		EB736369210A59260002AA46 /* RoundImageView.swift in Sources */ = {isa = PBXBuildFile; fileRef = EB736368210A59260002AA46 /* RoundImageView.swift */; };
		EBBFCBCA210AA61B0032A2DA /* CircleView.swift in Sources */ = {isa = PBXBuildFile; fileRef = EBBFCBC9210AA61B0032A2DA /* CircleView.swift */; };
		EBBFCBCC210AA8B10032A2DA /* RoundedShadowButtom.swift in Sources */ = {isa = PBXBuildFile; fileRef = EBBFCBCB210AA8B10032A2DA /* RoundedShadowButtom.swift */; };
		EBD4D5FB2108FF0A004D2570 /* AppDelegate.swift in Sources */ = {isa = PBXBuildFile; fileRef = EBD4D5FA2108FF0A004D2570 /* AppDelegate.swift */; };
		EBD4D5FD2108FF0A004D2570 /* ViewController.swift in Sources */ = {isa = PBXBuildFile; fileRef = EBD4D5FC2108FF0A004D2570 /* ViewController.swift */; };
		EBD4D6002108FF0B004D2570 /* Main.storyboard in Resources */ = {isa = PBXBuildFile; fileRef = EBD4D5FE2108FF0B004D2570 /* Main.storyboard */; };
		EBD4D6022108FF0C004D2570 /* Assets.xcassets in Resources */ = {isa = PBXBuildFile; fileRef = EBD4D6012108FF0C004D2570 /* Assets.xcassets */; };
		EBD4D6052108FF0C004D2570 /* LaunchScreen.storyboard in Resources */ = {isa = PBXBuildFile; fileRef = EBD4D6032108FF0C004D2570 /* LaunchScreen.storyboard */; };
/* End PBXBuildFile section */

/* Begin PBXFileReference section */
		02CC326F197A46DAC55C4D99 /* Pods_Hitchhkr.framework */ = {isa = PBXFileReference; explicitFileType = wrapper.framework; includeInIndex = 0; path = Pods_Hitchhkr.framework; sourceTree = BUILT_PRODUCTS_DIR; };
		26737CAC2A87FD7F73F5B711 /* Pods-Hitchhkr.debug.xcconfig */ = {isa = PBXFileReference; includeInIndex = 1; lastKnownFileType = text.xcconfig; name = "Pods-Hitchhkr.debug.xcconfig"; path = "Pods/Target Support Files/Pods-Hitchhkr/Pods-Hitchhkr.debug.xcconfig"; sourceTree = "<group>"; };
		C0908BBDD704D684816B3064 /* Pods-Hitchhkr.release.xcconfig */ = {isa = PBXFileReference; includeInIndex = 1; lastKnownFileType = text.xcconfig; name = "Pods-Hitchhkr.release.xcconfig"; path = "Pods/Target Support Files/Pods-Hitchhkr/Pods-Hitchhkr.release.xcconfig"; sourceTree = "<group>"; };
		EB736364210A2E790002AA46 /* GradientView.swift */ = {isa = PBXFileReference; lastKnownFileType = sourcecode.swift; path = GradientView.swift; sourceTree = "<group>"; };
		EB736366210A309E0002AA46 /* RoundedShadowView.swift */ = {isa = PBXFileReference; lastKnownFileType = sourcecode.swift; path = RoundedShadowView.swift; sourceTree = "<group>"; };
		EB736368210A59260002AA46 /* RoundImageView.swift */ = {isa = PBXFileReference; lastKnownFileType = sourcecode.swift; path = RoundImageView.swift; sourceTree = "<group>"; };
		EBBFCBC9210AA61B0032A2DA /* CircleView.swift */ = {isa = PBXFileReference; lastKnownFileType = sourcecode.swift; path = CircleView.swift; sourceTree = "<group>"; };
		EBBFCBCB210AA8B10032A2DA /* RoundedShadowButtom.swift */ = {isa = PBXFileReference; lastKnownFileType = sourcecode.swift; path = RoundedShadowButtom.swift; sourceTree = "<group>"; };
		EBD4D5F72108FF0A004D2570 /* Hitchhkr.app */ = {isa = PBXFileReference; explicitFileType = wrapper.application; includeInIndex = 0; path = Hitchhkr.app; sourceTree = BUILT_PRODUCTS_DIR; };
		EBD4D5FA2108FF0A004D2570 /* AppDelegate.swift */ = {isa = PBXFileReference; lastKnownFileType = sourcecode.swift; path = AppDelegate.swift; sourceTree = "<group>"; };
		EBD4D5FC2108FF0A004D2570 /* ViewController.swift */ = {isa = PBXFileReference; lastKnownFileType = sourcecode.swift; path = ViewController.swift; sourceTree = "<group>"; };
		EBD4D5FF2108FF0B004D2570 /* Base */ = {isa = PBXFileReference; lastKnownFileType = file.storyboard; name = Base; path = Base.lproj/Main.storyboard; sourceTree = "<group>"; };
		EBD4D6012108FF0C004D2570 /* Assets.xcassets */ = {isa = PBXFileReference; lastKnownFileType = folder.assetcatalog; path = Assets.xcassets; sourceTree = "<group>"; };
		EBD4D6042108FF0C004D2570 /* Base */ = {isa = PBXFileReference; lastKnownFileType = file.storyboard; name = Base; path = Base.lproj/LaunchScreen.storyboard; sourceTree = "<group>"; };
		EBD4D6062108FF0C004D2570 /* Info.plist */ = {isa = PBXFileReference; lastKnownFileType = text.plist.xml; path = Info.plist; sourceTree = "<group>"; };
/* End PBXFileReference section */

/* Begin PBXFrameworksBuildPhase section */
		EBD4D5F42108FF0A004D2570 /* Frameworks */ = {
			isa = PBXFrameworksBuildPhase;
			buildActionMask = 2147483647;
			files = (
				9BE8F37E3CED64E53C2E55CF /* Pods_Hitchhkr.framework in Frameworks */,
			);
			runOnlyForDeploymentPostprocessing = 0;
		};
/* End PBXFrameworksBuildPhase section */

/* Begin PBXGroup section */
		7880E69C14F43B28A620C86F /* Pods */ = {
			isa = PBXGroup;
			children = (
				26737CAC2A87FD7F73F5B711 /* Pods-Hitchhkr.debug.xcconfig */,
				C0908BBDD704D684816B3064 /* Pods-Hitchhkr.release.xcconfig */,
			);
			name = Pods;
			sourceTree = "<group>";
		};
		996C8FECD8905C81A723B8EA /* Frameworks */ = {
			isa = PBXGroup;
			children = (
				02CC326F197A46DAC55C4D99 /* Pods_Hitchhkr.framework */,
			);
			name = Frameworks;
			sourceTree = "<group>";
		};
		EBD4D5EE2108FF0A004D2570 = {
			isa = PBXGroup;
			children = (
				EBD4D5F92108FF0A004D2570 /* Hitchhkr */,
				EBD4D5F82108FF0A004D2570 /* Products */,
				7880E69C14F43B28A620C86F /* Pods */,
				996C8FECD8905C81A723B8EA /* Frameworks */,
			);
			sourceTree = "<group>";
		};
		EBD4D5F82108FF0A004D2570 /* Products */ = {
			isa = PBXGroup;
			children = (
				EBD4D5F72108FF0A004D2570 /* Hitchhkr.app */,
			);
			name = Products;
			sourceTree = "<group>";
		};
		EBD4D5F92108FF0A004D2570 /* Hitchhkr */ = {
			isa = PBXGroup;
			children = (
				EBF7091C210A25AA009CF2C2 /* Controller */,
				EBF7091B210A25A4009CF2C2 /* View */,
				EBF7091A210A2599009CF2C2 /* Model */,
				EBD4D5FA2108FF0A004D2570 /* AppDelegate.swift */,
				EBD4D5FE2108FF0B004D2570 /* Main.storyboard */,
				EBD4D6012108FF0C004D2570 /* Assets.xcassets */,
				EBD4D6032108FF0C004D2570 /* LaunchScreen.storyboard */,
				EBD4D6062108FF0C004D2570 /* Info.plist */,
			);
			path = Hitchhkr;
			sourceTree = "<group>";
		};
		EBF7091A210A2599009CF2C2 /* Model */ = {
			isa = PBXGroup;
			children = (
			);
			path = Model;
			sourceTree = "<group>";
		};
		EBF7091B210A25A4009CF2C2 /* View */ = {
			isa = PBXGroup;
			children = (
				EB736364210A2E790002AA46 /* GradientView.swift */,
				EB736366210A309E0002AA46 /* RoundedShadowView.swift */,
				EBBFCBC9210AA61B0032A2DA /* CircleView.swift */,
				EBBFCBCB210AA8B10032A2DA /* RoundedShadowButtom.swift */,
				EB736368210A59260002AA46 /* RoundImageView.swift */,
			);
			path = View;
			sourceTree = "<group>";
		};
		EBF7091C210A25AA009CF2C2 /* Controller */ = {
			isa = PBXGroup;
			children = (
				EBD4D5FC2108FF0A004D2570 /* ViewController.swift */,
			);
			path = Controller;
			sourceTree = "<group>";
		};
/* End PBXGroup section */

/* Begin PBXNativeTarget section */
		EBD4D5F62108FF0A004D2570 /* Hitchhkr */ = {
			isa = PBXNativeTarget;
			buildConfigurationList = EBD4D6092108FF0C004D2570 /* Build configuration list for PBXNativeTarget "Hitchhkr" */;
			buildPhases = (
				D0DF1A18E468EE549264D1D6 /* [CP] Check Pods Manifest.lock */,
				EBD4D5F32108FF0A004D2570 /* Sources */,
				EBD4D5F42108FF0A004D2570 /* Frameworks */,
				EBD4D5F52108FF0A004D2570 /* Resources */,
				6DBDE6801A4AB1D4E50ED9F8 /* [CP] Embed Pods Frameworks */,
			);
			buildRules = (
			);
			dependencies = (
			);
			name = Hitchhkr;
			productName = Hitchhkr;
			productReference = EBD4D5F72108FF0A004D2570 /* Hitchhkr.app */;
			productType = "com.apple.product-type.application";
		};
/* End PBXNativeTarget section */

/* Begin PBXProject section */
		EBD4D5EF2108FF0A004D2570 /* Project object */ = {
			isa = PBXProject;
			attributes = {
				LastSwiftUpdateCheck = 0940;
				LastUpgradeCheck = 0940;
				ORGANIZATIONNAME = Owner;
				TargetAttributes = {
					EBD4D5F62108FF0A004D2570 = {
						CreatedOnToolsVersion = 9.4.1;
					};
				};
			};
			buildConfigurationList = EBD4D5F22108FF0A004D2570 /* Build configuration list for PBXProject "Hitchhkr" */;
			compatibilityVersion = "Xcode 9.3";
			developmentRegion = en;
			hasScannedForEncodings = 0;
			knownRegions = (
				en,
				Base,
			);
			mainGroup = EBD4D5EE2108FF0A004D2570;
			productRefGroup = EBD4D5F82108FF0A004D2570 /* Products */;
			projectDirPath = "";
			projectRoot = "";
			targets = (
				EBD4D5F62108FF0A004D2570 /* Hitchhkr */,
			);
		};
/* End PBXProject section */

/* Begin PBXResourcesBuildPhase section */
		EBD4D5F52108FF0A004D2570 /* Resources */ = {
			isa = PBXResourcesBuildPhase;
			buildActionMask = 2147483647;
			files = (
				EBD4D6052108FF0C004D2570 /* LaunchScreen.storyboard in Resources */,
				EBD4D6022108FF0C004D2570 /* Assets.xcassets in Resources */,
				EBD4D6002108FF0B004D2570 /* Main.storyboard in Resources */,
			);
			runOnlyForDeploymentPostprocessing = 0;
		};
/* End PBXResourcesBuildPhase section */

/* Begin PBXShellScriptBuildPhase section */
		6DBDE6801A4AB1D4E50ED9F8 /* [CP] Embed Pods Frameworks */ = {
			isa = PBXShellScriptBuildPhase;
			buildActionMask = 2147483647;
			files = (
			);
			inputPaths = (
				"${SRCROOT}/Pods/Target Support Files/Pods-Hitchhkr/Pods-Hitchhkr-frameworks.sh",
				"${BUILT_PRODUCTS_DIR}/GTMSessionFetcher/GTMSessionFetcher.framework",
				"${BUILT_PRODUCTS_DIR}/GoogleToolboxForMac/GoogleToolboxForMac.framework",
				"${BUILT_PRODUCTS_DIR}/RevealingSplashView/RevealingSplashView.framework",
				"${BUILT_PRODUCTS_DIR}/leveldb-library/leveldb.framework",
				"${BUILT_PRODUCTS_DIR}/nanopb/nanopb.framework",
			);
			name = "[CP] Embed Pods Frameworks";
			outputPaths = (
				"${TARGET_BUILD_DIR}/${FRAMEWORKS_FOLDER_PATH}/GTMSessionFetcher.framework",
				"${TARGET_BUILD_DIR}/${FRAMEWORKS_FOLDER_PATH}/GoogleToolboxForMac.framework",
				"${TARGET_BUILD_DIR}/${FRAMEWORKS_FOLDER_PATH}/RevealingSplashView.framework",
				"${TARGET_BUILD_DIR}/${FRAMEWORKS_FOLDER_PATH}/leveldb.framework",
				"${TARGET_BUILD_DIR}/${FRAMEWORKS_FOLDER_PATH}/nanopb.framework",
			);
			runOnlyForDeploymentPostprocessing = 0;
			shellPath = /bin/sh;
			shellScript = "\"${SRCROOT}/Pods/Target Support Files/Pods-Hitchhkr/Pods-Hitchhkr-frameworks.sh\"\n";
			showEnvVarsInLog = 0;
		};
		D0DF1A18E468EE549264D1D6 /* [CP] Check Pods Manifest.lock */ = {
			isa = PBXShellScriptBuildPhase;
			buildActionMask = 2147483647;
			files = (
			);
			inputPaths = (
				"${PODS_PODFILE_DIR_PATH}/Podfile.lock",
				"${PODS_ROOT}/Manifest.lock",
			);
			name = "[CP] Check Pods Manifest.lock";
			outputPaths = (
				"$(DERIVED_FILE_DIR)/Pods-Hitchhkr-checkManifestLockResult.txt",
			);
			runOnlyForDeploymentPostprocessing = 0;
			shellPath = /bin/sh;
			shellScript = "diff \"${PODS_PODFILE_DIR_PATH}/Podfile.lock\" \"${PODS_ROOT}/Manifest.lock\" > /dev/null\nif [ $? != 0 ] ; then\n    # print error to STDERR\n    echo \"error: The sandbox is not in sync with the Podfile.lock. Run 'pod install' or update your CocoaPods installation.\" >&2\n    exit 1\nfi\n# This output is used by Xcode 'outputs' to avoid re-running this script phase.\necho \"SUCCESS\" > \"${SCRIPT_OUTPUT_FILE_0}\"\n";
			showEnvVarsInLog = 0;
		};
/* End PBXShellScriptBuildPhase section */

/* Begin PBXSourcesBuildPhase section */
		EBD4D5F32108FF0A004D2570 /* Sources */ = {
			isa = PBXSourcesBuildPhase;
			buildActionMask = 2147483647;
			files = (
				EBBFCBCA210AA61B0032A2DA /* CircleView.swift in Sources */,
				EB736369210A59260002AA46 /* RoundImageView.swift in Sources */,
				EBD4D5FD2108FF0A004D2570 /* ViewController.swift in Sources */,
				EB736367210A309E0002AA46 /* RoundedShadowView.swift in Sources */,
				EBD4D5FB2108FF0A004D2570 /* AppDelegate.swift in Sources */,
				EBBFCBCC210AA8B10032A2DA /* RoundedShadowButtom.swift in Sources */,
				EB736365210A2E790002AA46 /* GradientView.swift in Sources */,
			);
			runOnlyForDeploymentPostprocessing = 0;
		};
/* End PBXSourcesBuildPhase section */

/* Begin PBXVariantGroup section */
		EBD4D5FE2108FF0B004D2570 /* Main.storyboard */ = {
			isa = PBXVariantGroup;
			children = (
				EBD4D5FF2108FF0B004D2570 /* Base */,
			);
			name = Main.storyboard;
			sourceTree = "<group>";
		};
		EBD4D6032108FF0C004D2570 /* LaunchScreen.storyboard */ = {
			isa = PBXVariantGroup;
			children = (
				EBD4D6042108FF0C004D2570 /* Base */,
			);
			name = LaunchScreen.storyboard;
			sourceTree = "<group>";
		};
/* End PBXVariantGroup section */

/* Begin XCBuildConfiguration section */
		EBD4D6072108FF0C004D2570 /* Debug */ = {
			isa = XCBuildConfiguration;
			buildSettings = {
				ALWAYS_SEARCH_USER_PATHS = NO;
				CLANG_ANALYZER_NONNULL = YES;
				CLANG_ANALYZER_NUMBER_OBJECT_CONVERSION = YES_AGGRESSIVE;
				CLANG_CXX_LANGUAGE_STANDARD = "gnu++14";
				CLANG_CXX_LIBRARY = "libc++";
				CLANG_ENABLE_MODULES = YES;
				CLANG_ENABLE_OBJC_ARC = YES;
				CLANG_ENABLE_OBJC_WEAK = YES;
				CLANG_WARN_BLOCK_CAPTURE_AUTORELEASING = YES;
				CLANG_WARN_BOOL_CONVERSION = YES;
				CLANG_WARN_COMMA = YES;
				CLANG_WARN_CONSTANT_CONVERSION = YES;
				CLANG_WARN_DEPRECATED_OBJC_IMPLEMENTATIONS = YES;
				CLANG_WARN_DIRECT_OBJC_ISA_USAGE = YES_ERROR;
				CLANG_WARN_DOCUMENTATION_COMMENTS = YES;
				CLANG_WARN_EMPTY_BODY = YES;
				CLANG_WARN_ENUM_CONVERSION = YES;
				CLANG_WARN_INFINITE_RECURSION = YES;
				CLANG_WARN_INT_CONVERSION = YES;
				CLANG_WARN_NON_LITERAL_NULL_CONVERSION = YES;
				CLANG_WARN_OBJC_IMPLICIT_RETAIN_SELF = YES;
				CLANG_WARN_OBJC_LITERAL_CONVERSION = YES;
				CLANG_WARN_OBJC_ROOT_CLASS = YES_ERROR;
				CLANG_WARN_RANGE_LOOP_ANALYSIS = YES;
				CLANG_WARN_STRICT_PROTOTYPES = YES;
				CLANG_WARN_SUSPICIOUS_MOVE = YES;
				CLANG_WARN_UNGUARDED_AVAILABILITY = YES_AGGRESSIVE;
				CLANG_WARN_UNREACHABLE_CODE = YES;
				CLANG_WARN__DUPLICATE_METHOD_MATCH = YES;
				CODE_SIGN_IDENTITY = "iPhone Developer";
				COPY_PHASE_STRIP = NO;
				DEBUG_INFORMATION_FORMAT = dwarf;
				ENABLE_STRICT_OBJC_MSGSEND = YES;
				ENABLE_TESTABILITY = YES;
				GCC_C_LANGUAGE_STANDARD = gnu11;
				GCC_DYNAMIC_NO_PIC = NO;
				GCC_NO_COMMON_BLOCKS = YES;
				GCC_OPTIMIZATION_LEVEL = 0;
				GCC_PREPROCESSOR_DEFINITIONS = (
					"DEBUG=1",
					"$(inherited)",
				);
				GCC_WARN_64_TO_32_BIT_CONVERSION = YES;
				GCC_WARN_ABOUT_RETURN_TYPE = YES_ERROR;
				GCC_WARN_UNDECLARED_SELECTOR = YES;
				GCC_WARN_UNINITIALIZED_AUTOS = YES_AGGRESSIVE;
				GCC_WARN_UNUSED_FUNCTION = YES;
				GCC_WARN_UNUSED_VARIABLE = YES;
				IPHONEOS_DEPLOYMENT_TARGET = 11.4;
				MTL_ENABLE_DEBUG_INFO = YES;
				ONLY_ACTIVE_ARCH = YES;
				SDKROOT = iphoneos;
				SWIFT_ACTIVE_COMPILATION_CONDITIONS = DEBUG;
				SWIFT_OPTIMIZATION_LEVEL = "-Onone";
			};
			name = Debug;
		};
		EBD4D6082108FF0C004D2570 /* Release */ = {
			isa = XCBuildConfiguration;
			buildSettings = {
				ALWAYS_SEARCH_USER_PATHS = NO;
				CLANG_ANALYZER_NONNULL = YES;
				CLANG_ANALYZER_NUMBER_OBJECT_CONVERSION = YES_AGGRESSIVE;
				CLANG_CXX_LANGUAGE_STANDARD = "gnu++14";
				CLANG_CXX_LIBRARY = "libc++";
				CLANG_ENABLE_MODULES = YES;
				CLANG_ENABLE_OBJC_ARC = YES;
				CLANG_ENABLE_OBJC_WEAK = YES;
				CLANG_WARN_BLOCK_CAPTURE_AUTORELEASING = YES;
				CLANG_WARN_BOOL_CONVERSION = YES;
				CLANG_WARN_COMMA = YES;
				CLANG_WARN_CONSTANT_CONVERSION = YES;
				CLANG_WARN_DEPRECATED_OBJC_IMPLEMENTATIONS = YES;
				CLANG_WARN_DIRECT_OBJC_ISA_USAGE = YES_ERROR;
				CLANG_WARN_DOCUMENTATION_COMMENTS = YES;
				CLANG_WARN_EMPTY_BODY = YES;
				CLANG_WARN_ENUM_CONVERSION = YES;
				CLANG_WARN_INFINITE_RECURSION = YES;
				CLANG_WARN_INT_CONVERSION = YES;
				CLANG_WARN_NON_LITERAL_NULL_CONVERSION = YES;
				CLANG_WARN_OBJC_IMPLICIT_RETAIN_SELF = YES;
				CLANG_WARN_OBJC_LITERAL_CONVERSION = YES;
				CLANG_WARN_OBJC_ROOT_CLASS = YES_ERROR;
				CLANG_WARN_RANGE_LOOP_ANALYSIS = YES;
				CLANG_WARN_STRICT_PROTOTYPES = YES;
				CLANG_WARN_SUSPICIOUS_MOVE = YES;
				CLANG_WARN_UNGUARDED_AVAILABILITY = YES_AGGRESSIVE;
				CLANG_WARN_UNREACHABLE_CODE = YES;
				CLANG_WARN__DUPLICATE_METHOD_MATCH = YES;
				CODE_SIGN_IDENTITY = "iPhone Developer";
				COPY_PHASE_STRIP = NO;
				DEBUG_INFORMATION_FORMAT = "dwarf-with-dsym";
				ENABLE_NS_ASSERTIONS = NO;
				ENABLE_STRICT_OBJC_MSGSEND = YES;
				GCC_C_LANGUAGE_STANDARD = gnu11;
				GCC_NO_COMMON_BLOCKS = YES;
				GCC_WARN_64_TO_32_BIT_CONVERSION = YES;
				GCC_WARN_ABOUT_RETURN_TYPE = YES_ERROR;
				GCC_WARN_UNDECLARED_SELECTOR = YES;
				GCC_WARN_UNINITIALIZED_AUTOS = YES_AGGRESSIVE;
				GCC_WARN_UNUSED_FUNCTION = YES;
				GCC_WARN_UNUSED_VARIABLE = YES;
				IPHONEOS_DEPLOYMENT_TARGET = 11.4;
				MTL_ENABLE_DEBUG_INFO = NO;
				SDKROOT = iphoneos;
				SWIFT_COMPILATION_MODE = wholemodule;
				SWIFT_OPTIMIZATION_LEVEL = "-O";
				VALIDATE_PRODUCT = YES;
			};
			name = Release;
		};
		EBD4D60A2108FF0C004D2570 /* Debug */ = {
			isa = XCBuildConfiguration;
			baseConfigurationReference = 26737CAC2A87FD7F73F5B711 /* Pods-Hitchhkr.debug.xcconfig */;
			buildSettings = {
				ASSETCATALOG_COMPILER_APPICON_NAME = AppIcon;
				CODE_SIGN_STYLE = Automatic;
				DEVELOPMENT_TEAM = RW5VK6J22C;
				INFOPLIST_FILE = Hitchhkr/Info.plist;
				IPHONEOS_DEPLOYMENT_TARGET = 11.4;
				LD_RUNPATH_SEARCH_PATHS = (
					"$(inherited)",
					"@executable_path/Frameworks",
				);
				PRODUCT_BUNDLE_IDENTIFIER = com.juliantorres.Hitchhkr;
				PRODUCT_NAME = "$(TARGET_NAME)";
				SWIFT_VERSION = 4.0;
				TARGETED_DEVICE_FAMILY = "1,2";
			};
			name = Debug;
		};
		EBD4D60B2108FF0C004D2570 /* Release */ = {
			isa = XCBuildConfiguration;
			baseConfigurationReference = C0908BBDD704D684816B3064 /* Pods-Hitchhkr.release.xcconfig */;
			buildSettings = {
				ASSETCATALOG_COMPILER_APPICON_NAME = AppIcon;
				CODE_SIGN_STYLE = Automatic;
				DEVELOPMENT_TEAM = RW5VK6J22C;
				INFOPLIST_FILE = Hitchhkr/Info.plist;
				IPHONEOS_DEPLOYMENT_TARGET = 11.4;
				LD_RUNPATH_SEARCH_PATHS = (
					"$(inherited)",
					"@executable_path/Frameworks",
				);
				PRODUCT_BUNDLE_IDENTIFIER = com.juliantorres.Hitchhkr;
				PRODUCT_NAME = "$(TARGET_NAME)";
				SWIFT_VERSION = 4.0;
				TARGETED_DEVICE_FAMILY = "1,2";
			};
			name = Release;
		};
/* End XCBuildConfiguration section */

/* Begin XCConfigurationList section */
		EBD4D5F22108FF0A004D2570 /* Build configuration list for PBXProject "Hitchhkr" */ = {
			isa = XCConfigurationList;
			buildConfigurations = (
				EBD4D6072108FF0C004D2570 /* Debug */,
				EBD4D6082108FF0C004D2570 /* Release */,
			);
			defaultConfigurationIsVisible = 0;
			defaultConfigurationName = Release;
		};
		EBD4D6092108FF0C004D2570 /* Build configuration list for PBXNativeTarget "Hitchhkr" */ = {
			isa = XCConfigurationList;
			buildConfigurations = (
				EBD4D60A2108FF0C004D2570 /* Debug */,
				EBD4D60B2108FF0C004D2570 /* Release */,
			);
			defaultConfigurationIsVisible = 0;
			defaultConfigurationName = Release;
		};
/* End XCConfigurationList section */
	};
	rootObject = EBD4D5EF2108FF0A004D2570 /* Project object */;
}
